{
  "name": "ccss-website",
  "version": "1.0.0",
  "lockfileVersion": 2,
  "requires": true,
  "packages": {
    "": {
      "version": "1.0.0",
      "license": "ISC",
      "devDependencies": {
        "prettier": "2.1.1",
        "prettier-plugin-go-template": "0.0.10"
      }
    },
    "node_modules/prettier": {
      "version": "2.1.1",
      "resolved": "https://registry.npmjs.org/prettier/-/prettier-2.1.1.tgz",
      "integrity": "sha512-9bY+5ZWCfqj3ghYBLxApy2zf6m+NJo5GzmLTpr9FsApsfjriNnS2dahWReHMi7qNPhhHl9SYHJs2cHZLgexNIw==",
      "dev": true,
      "bin": {
        "prettier": "bin-prettier.js"
      },
      "engines": {
        "node": ">=10.13.0"
      }
    },
    "node_modules/prettier-plugin-go-template": {
      "version": "0.0.10",
      "resolved": "https://registry.npmjs.org/prettier-plugin-go-template/-/prettier-plugin-go-template-0.0.10.tgz",
      "integrity": "sha512-TaHPqiMK/zfk+YhvKRf/1WZDgQ6ffnlxJZX5rwphqfxBOVEezZQtYistTB348MKrKnnwKpyXZWpMRo0/KCVB+A==",
      "dev": true,
      "engines": {
        "node": ">=10.0.0"
      },
      "peerDependencies": {
        "prettier": "^2.0.0"
      }
    }
  },
  "dependencies": {
    "prettier": {
      "version": "2.1.1",
      "resolved": "https://registry.npmjs.org/prettier/-/prettier-2.1.1.tgz",
      "integrity": "sha512-9bY+5ZWCfqj3ghYBLxApy2zf6m+NJo5GzmLTpr9FsApsfjriNnS2dahWReHMi7qNPhhHl9SYHJs2cHZLgexNIw==",
      "dev": true
    },
    "prettier-plugin-go-template": {
      "version": "0.0.10",
      "resolved": "https://registry.npmjs.org/prettier-plugin-go-template/-/prettier-plugin-go-template-0.0.10.tgz",
      "integrity": "sha512-TaHPqiMK/zfk+YhvKRf/1WZDgQ6ffnlxJZX5rwphqfxBOVEezZQtYistTB348MKrKnnwKpyXZWpMRo0/KCVB+A==",
      "dev": true,
      "requires": {}
    }
  }
}
